
Microsoft Visual Studio Solution File, Format Version 12.00
# Visual Studio 15
VisualStudioVersion = 15.0.27703.2035
MinimumVisualStudioVersion = 10.0.40219.1
Project("{FAE04EC0-301F-11D3-BF4B-00C04F79EFBC}") = "Neo4j.AspNet.Identity", "Neo4j.AspNet.Identity\Neo4j.AspNet.Identity.csproj", "{5C064D09-34B3-45E6-B745-639974ADE706}"
EndProject
Project("{FAE04EC0-301F-11D3-BF4B-00C04F79EFBC}") = "Neo4j.AspNet.Identity.Tests", "Neo4j.AspNet.Identity.Tests\Neo4j.AspNet.Identity.Tests.csproj", "{1DC96BB9-CA9A-4082-A991-137F48B9ED31}"
EndProject
Project("{2150E333-8FDC-42A3-9474-1A3956D46DE8}") = "External", "External", "{07E86DD4-5952-4793-9FF1-0E0EEF819AC0}"
	ProjectSection(SolutionItems) = preProject
		LICENSE = LICENSE
		Neo4j.AspNet.Identity.nuspec = Neo4j.AspNet.Identity.nuspec
		README.md = README.md
	EndProjectSection
EndProject
Global
	GlobalSection(SolutionConfigurationPlatforms) = preSolution
		Debug|Any CPU = Debug|Any CPU
		Release|Any CPU = Release|Any CPU
	EndGlobalSection
	GlobalSection(ProjectConfigurationPlatforms) = postSolution
		{5C064D09-34B3-45E6-B745-639974ADE706}.Debug|Any CPU.ActiveCfg = Debug|Any CPU
		{5C064D09-34B3-45E6-B745-639974ADE706}.Debug|Any CPU.Build.0 = Debug|Any CPU
		{5C064D09-34B3-45E6-B745-639974ADE706}.Release|Any CPU.ActiveCfg = Release|Any CPU
		{5C064D09-34B3-45E6-B745-639974ADE706}.Release|Any CPU.Build.0 = Release|Any CPU
		{1DC96BB9-CA9A-4082-A991-137F48B9ED31}.Debug|Any CPU.ActiveCfg = Debug|Any CPU
		{1DC96BB9-CA9A-4082-A991-137F48B9ED31}.Debug|Any CPU.Build.0 = Debug|Any CPU
		{1DC96BB9-CA9A-4082-A991-137F48B9ED31}.Release|Any CPU.ActiveCfg = Release|Any CPU
		{1DC96BB9-CA9A-4082-A991-137F48B9ED31}.Release|Any CPU.Build.0 = Release|Any CPU
	EndGlobalSection
	GlobalSection(SolutionProperties) = preSolution
		HideSolutionNode = FALSE
	EndGlobalSection
	GlobalSection(ExtensibilityGlobals) = postSolution
		SolutionGuid = {AF15056A-4B04-4B6E-A72A-68DB4F0F00FC}
	EndGlobalSection
EndGlobal
